PODS:
  - AGi18n (0.0.2)
  - Alamofire (4.5.0)
  - DeviceKit (1.2.3)
  - SVProgressHUD (2.1.2)

DEPENDENCIES:
  - AGi18n (~> 0.0)
  - Alamofire (~> 4.4)
  - DeviceKit (~> 1.0)
  - SVProgressHUD (~> 2.1)

SPEC CHECKSUMS:
  AGi18n: 1ad8c0c1048b20541ce94ca161c0e5937f4677cc
  Alamofire: f28cdffd29de33a7bfa022cbd63ae95a27fae140
  DeviceKit: f33cbc6e67d9bb416e42dedc647557c7c2f6d3d7
  SVProgressHUD: c404a55d78acbeb7ebb78b76d3faf986475a6994

PODFILE CHECKSUM: 50fcddd046eb5ca0a434f0ae942638fbcfaa61d4

COCOAPODS: 1.2.0
